
Microsoft Visual Studio Solution File, Format Version 12.00
# Visual Studio Version 17
VisualStudioVersion = 17.6.33815.320
MinimumVisualStudioVersion = 10.0.40219.1
Project("{FAE04EC0-301F-11D3-BF4B-00C04F79EFBC}") = "TTHHWeb.Server", "TTHHWeb\Server\TTHHWeb.Server.csproj", "{87D2AAF0-772B-498C-846D-22AF6D0DAF96}"
EndProject
Project("{FAE04EC0-301F-11D3-BF4B-00C04F79EFBC}") = "TTHHWeb.Client", "TTHHWeb\Client\TTHHWeb.Client.csproj", "{5BA709AF-1AA9-41F5-B58E-348BC8B33386}"
EndProject
Project("{FAE04EC0-301F-11D3-BF4B-00C04F79EFBC}") = "TTHHWeb.Shared", "TTHHWeb\Shared\TTHHWeb.Shared.csproj", "{DDB31D28-7DF4-45EE-AA20-DE593865A5C3}"
EndProject
Global
	GlobalSection(SolutionConfigurationPlatforms) = preSolution
		Debug|Any CPU = Debug|Any CPU
		Release|Any CPU = Release|Any CPU
	EndGlobalSection
	GlobalSection(ProjectConfigurationPlatforms) = postSolution
		{87D2AAF0-772B-498C-846D-22AF6D0DAF96}.Debug|Any CPU.ActiveCfg = Debug|Any CPU
		{87D2AAF0-772B-498C-846D-22AF6D0DAF96}.Debug|Any CPU.Build.0 = Debug|Any CPU
		{87D2AAF0-772B-498C-846D-22AF6D0DAF96}.Release|Any CPU.ActiveCfg = Release|Any CPU
		{87D2AAF0-772B-498C-846D-22AF6D0DAF96}.Release|Any CPU.Build.0 = Release|Any CPU
		{5BA709AF-1AA9-41F5-B58E-348BC8B33386}.Debug|Any CPU.ActiveCfg = Debug|Any CPU
		{5BA709AF-1AA9-41F5-B58E-348BC8B33386}.Debug|Any CPU.Build.0 = Debug|Any CPU
		{5BA709AF-1AA9-41F5-B58E-348BC8B33386}.Release|Any CPU.ActiveCfg = Release|Any CPU
		{5BA709AF-1AA9-41F5-B58E-348BC8B33386}.Release|Any CPU.Build.0 = Release|Any CPU
		{DDB31D28-7DF4-45EE-AA20-DE593865A5C3}.Debug|Any CPU.ActiveCfg = Debug|Any CPU
		{DDB31D28-7DF4-45EE-AA20-DE593865A5C3}.Debug|Any CPU.Build.0 = Debug|Any CPU
		{DDB31D28-7DF4-45EE-AA20-DE593865A5C3}.Release|Any CPU.ActiveCfg = Release|Any CPU
		{DDB31D28-7DF4-45EE-AA20-DE593865A5C3}.Release|Any CPU.Build.0 = Release|Any CPU
	EndGlobalSection
	GlobalSection(SolutionProperties) = preSolution
		HideSolutionNode = FALSE
	EndGlobalSection
	GlobalSection(ExtensibilityGlobals) = postSolution
		SolutionGuid = {7E311123-F7E7-497D-88D8-47354535B547}
	EndGlobalSection
EndGlobal
